{
  "lockfile_version": "1",
  "packages": {
    "alejandra@4.0.0": {
      "last_modified": "2026-04-23T13:07:47Z",
      "resolved": "github:NixOS/nixpkgs/01fbdeef22b76df85ea168fbfe1bfd9e63681b30#alejandra",
      "source": "devbox-search",
      "version": "4.0.0",
      "systems": {
        "aarch64-darwin": {
          "outputs": [
            {
              "name": "out",
              "path": "/nix/store/gr86xd3li3azsy6sdak2i1g46kfmy25j-alejandra-4.0.0",
              "default": true
            }
          ],
          "store_path": "/nix/store/gr86xd3li3azsy6sdak2i1g46kfmy25j-alejandra-4.0.0"
        },
        "aarch64-linux": {
          "outputs": [
            {
              "name": "out",
              "path": "/nix/store/xi6bwh7qfrnmblfw02asx0fjglgrzzbx-alejandra-4.0.0",
              "default": true
            }
          ],
          "store_path": "/nix/store/xi6bwh7qfrnmblfw02asx0fjglgrzzbx-alejandra-4.0.0"
        },
        "x86_64-darwin": {
          "outputs": [
            {
              "name": "out",
              "path": "/nix/store/pwflw3yqjahdh833aw9ggrskf7k32lg0-alejandra-4.0.0",
              "default": true
            }
          ],
          "store_path": "/nix/store/pwflw3yqjahdh833aw9ggrskf7k32lg0-alejandra-4.0.0"
        },
        "x86_64-linux": {
          "outputs": [
            {
              "name": "out",
              "path": "/nix/store/0bkrr4sszs4pnmvkzf2h8ilzjawjdkah-alejandra-4.0.0",
              "default": true
            }
          ],
          "store_path": "/nix/store/0bkrr4sszs4pnmvkzf2h8ilzjawjdkah-alejandra-4.0.0"
        }
      }
    },
    "github:NixOS/nixpkgs/nixpkgs-unstable": {
      "last_modified": "2026-05-23T11:35:32Z",
      "resolved": "github:NixOS/nixpkgs/3d8f0f3f72a6cd4d93d0ad13203f2ea1cb7e1456?lastModified=1779536132&narHash=sha256-q%2BfF42iv%2FgeEbHfgSzy3tS0FF%2FEyD6XTZ98E6yxiBO8%3D"
    },
    "prettier@3.8.3": {
      "last_modified": "2026-05-20T06:38:13Z",
      "resolved": "github:NixOS/nixpkgs/d99b013d5d1931ad77fe3912ed218170dec5d9a4#prettier",
      "source": "devbox-search",
      "version": "3.8.3",
      "systems": {
        "aarch64-darwin": {
          "outputs": [
            {
              "name": "out",
              "path": "/nix/store/136j0nz4bg3h1m3kj96kky5gkkqmhsrd-prettier-3.8.3",
              "default": true
            }
          ],
          "store_path": "/nix/store/136j0nz4bg3h1m3kj96kky5gkkqmhsrd-prettier-3.8.3"
        },
        "aarch64-linux": {
          "outputs": [
            {
              "name": "out",
              "path": "/nix/store/1rj1xs5bk7aak40c8xafkz2p3rz8jsbp-prettier-3.8.3",
              "default": true
            }
          ],
          "store_path": "/nix/store/1rj1xs5bk7aak40c8xafkz2p3rz8jsbp-prettier-3.8.3"
        },
        "x86_64-darwin": {
          "outputs": [
            {
              "name": "out",
              "path": "/nix/store/hpr19x3axjiivjdxlhdj4y4vf9mw93a6-prettier-3.8.3",
              "default": true
            }
          ],
          "store_path": "/nix/store/hpr19x3axjiivjdxlhdj4y4vf9mw93a6-prettier-3.8.3"
        },
        "x86_64-linux": {
          "outputs": [
            {
              "name": "out",
              "path": "/nix/store/r8ayqnjg6jdl8g454z6f2gibcfyv4glw-prettier-3.8.3",
              "default": true
            }
          ],
          "store_path": "/nix/store/r8ayqnjg6jdl8g454z6f2gibcfyv4glw-prettier-3.8.3"
        }
      }
    }
  }
}
