{
  "lockfile_version": "1",
  "packages": {
    "alejandra@4.0.0": {
      "last_modified": "2026-01-23T17:20:52Z",
      "resolved": "github:NixOS/nixpkgs/a1bab9e494f5f4939442a57a58d0449a109593fe#alejandra",
      "source": "devbox-search",
      "version": "4.0.0",
      "systems": {
        "aarch64-darwin": {
          "outputs": [
            {
              "name": "out",
              "path": "/nix/store/32qvac1rbxbfa8890inf2g7w6aadpwjs-alejandra-4.0.0",
              "default": true
            }
          ],
          "store_path": "/nix/store/32qvac1rbxbfa8890inf2g7w6aadpwjs-alejandra-4.0.0"
        },
        "aarch64-linux": {
          "outputs": [
            {
              "name": "out",
              "path": "/nix/store/dk5ihzrpnnd2mixwlqhs1n57p554m359-alejandra-4.0.0",
              "default": true
            }
          ],
          "store_path": "/nix/store/dk5ihzrpnnd2mixwlqhs1n57p554m359-alejandra-4.0.0"
        },
        "x86_64-darwin": {
          "outputs": [
            {
              "name": "out",
              "path": "/nix/store/kp7508wyy2qfn98jy837n4sqcq8nzfj2-alejandra-4.0.0",
              "default": true
            }
          ],
          "store_path": "/nix/store/kp7508wyy2qfn98jy837n4sqcq8nzfj2-alejandra-4.0.0"
        },
        "x86_64-linux": {
          "outputs": [
            {
              "name": "out",
              "path": "/nix/store/fqc2w0lqhnfilywlf8q2r6dc98q9ppby-alejandra-4.0.0",
              "default": true
            }
          ],
          "store_path": "/nix/store/fqc2w0lqhnfilywlf8q2r6dc98q9ppby-alejandra-4.0.0"
        }
      }
    },
    "github:NixOS/nixpkgs/nixpkgs-unstable": {
      "last_modified": "2026-02-15T09:18:18Z",
      "resolved": "github:NixOS/nixpkgs/e3cb16bccd9facebae3ba29c6a76a4cc1b73462a?lastModified=1771147098&narHash=sha256-jpfPdBjKO232s5NueoNEvvVzpndiUzPLNYcH4%2FOv0gY%3D"
    },
    "prettier@3.6.2": {
      "last_modified": "2026-01-23T17:20:52Z",
      "resolved": "github:NixOS/nixpkgs/a1bab9e494f5f4939442a57a58d0449a109593fe#prettier",
      "source": "devbox-search",
      "version": "3.6.2",
      "systems": {
        "aarch64-darwin": {
          "outputs": [
            {
              "name": "out",
              "path": "/nix/store/dc55gdzvxndv365gjxycar452f8nzvxp-prettier-3.6.2",
              "default": true
            }
          ],
          "store_path": "/nix/store/dc55gdzvxndv365gjxycar452f8nzvxp-prettier-3.6.2"
        },
        "aarch64-linux": {
          "outputs": [
            {
              "name": "out",
              "path": "/nix/store/zl13fpjn7wa2r5zqvmzh6abiawz35xsh-prettier-3.6.2",
              "default": true
            }
          ],
          "store_path": "/nix/store/zl13fpjn7wa2r5zqvmzh6abiawz35xsh-prettier-3.6.2"
        },
        "x86_64-darwin": {
          "outputs": [
            {
              "name": "out",
              "path": "/nix/store/hwc2ma0qxzjppzwy10ljxky48s23blng-prettier-3.6.2",
              "default": true
            }
          ],
          "store_path": "/nix/store/hwc2ma0qxzjppzwy10ljxky48s23blng-prettier-3.6.2"
        },
        "x86_64-linux": {
          "outputs": [
            {
              "name": "out",
              "path": "/nix/store/0xf3ga1c7hapnxk75f6b98qhw4nnggn8-prettier-3.6.2",
              "default": true
            }
          ],
          "store_path": "/nix/store/0xf3ga1c7hapnxk75f6b98qhw4nnggn8-prettier-3.6.2"
        }
      }
    }
  }
}
